
Microsoft Visual Studio Solution File, Format Version 12.00
# Visual Studio Version 17
VisualStudioVersion = 17.14.36203.30 d17.14
MinimumVisualStudioVersion = 10.0.40219.1
Project("{FAE04EC0-301F-11D3-BF4B-00C04F79EFBC}") = "ContosoPizza", "ContosoPizza.csproj", "{8B76EDDE-E477-8803-9569-F9630D819CB7}"
EndProject
Global
	GlobalSection(SolutionConfigurationPlatforms) = preSolution
		Debug|Any CPU = Debug|Any CPU
		Release|Any CPU = Release|Any CPU
	EndGlobalSection
	GlobalSection(ProjectConfigurationPlatforms) = postSolution
		{8B76EDDE-E477-8803-9569-F9630D819CB7}.Debug|Any CPU.ActiveCfg = Debug|Any CPU
		{8B76EDDE-E477-8803-9569-F9630D819CB7}.Debug|Any CPU.Build.0 = Debug|Any CPU
		{8B76EDDE-E477-8803-9569-F9630D819CB7}.Release|Any CPU.ActiveCfg = Release|Any CPU
		{8B76EDDE-E477-8803-9569-F9630D819CB7}.Release|Any CPU.Build.0 = Release|Any CPU
	EndGlobalSection
	GlobalSection(SolutionProperties) = preSolution
		HideSolutionNode = FALSE
	EndGlobalSection
	GlobalSection(ExtensibilityGlobals) = postSolution
		SolutionGuid = {3B843AD4-8C73-4DEF-97A8-9051F6BDCEBE}
	EndGlobalSection
EndGlobal
